
Microsoft Visual Studio Solution File, Format Version 12.00
# Visual Studio Version 17
VisualStudioVersion = 17.7.34221.43
MinimumVisualStudioVersion = 10.0.40219.1
Project("{FAE04EC0-301F-11D3-BF4B-00C04F79EFBC}") = "DenverPublicLibrary", "DenverPublicLibrary\DenverPublicLibrary.csproj", "{723D81EE-0400-4E58-B9CC-0D2FDD2D50C6}"
EndProject
Project("{FAE04EC0-301F-11D3-BF4B-00C04F79EFBC}") = "DenverPublicLibrary.UnitTests", "DenverPublicLibrary.UnitTests\DenverPublicLibrary.UnitTests.csproj", "{74DE7778-CFEB-4D11-945A-08AC16890A1D}"
EndProject
Global
	GlobalSection(SolutionConfigurationPlatforms) = preSolution
		Debug|Any CPU = Debug|Any CPU
		Release|Any CPU = Release|Any CPU
	EndGlobalSection
	GlobalSection(ProjectConfigurationPlatforms) = postSolution
		{723D81EE-0400-4E58-B9CC-0D2FDD2D50C6}.Debug|Any CPU.ActiveCfg = Debug|Any CPU
		{723D81EE-0400-4E58-B9CC-0D2FDD2D50C6}.Debug|Any CPU.Build.0 = Debug|Any CPU
		{723D81EE-0400-4E58-B9CC-0D2FDD2D50C6}.Release|Any CPU.ActiveCfg = Release|Any CPU
		{723D81EE-0400-4E58-B9CC-0D2FDD2D50C6}.Release|Any CPU.Build.0 = Release|Any CPU
		{74DE7778-CFEB-4D11-945A-08AC16890A1D}.Debug|Any CPU.ActiveCfg = Debug|Any CPU
		{74DE7778-CFEB-4D11-945A-08AC16890A1D}.Debug|Any CPU.Build.0 = Debug|Any CPU
		{74DE7778-CFEB-4D11-945A-08AC16890A1D}.Release|Any CPU.ActiveCfg = Release|Any CPU
		{74DE7778-CFEB-4D11-945A-08AC16890A1D}.Release|Any CPU.Build.0 = Release|Any CPU
	EndGlobalSection
	GlobalSection(SolutionProperties) = preSolution
		HideSolutionNode = FALSE
	EndGlobalSection
	GlobalSection(ExtensibilityGlobals) = postSolution
		SolutionGuid = {FC892356-6468-4E44-8D24-37130C65B1F0}
	EndGlobalSection
EndGlobal
